
Microsoft Visual Studio Solution File, Format Version 12.00
# Visual Studio Version 17
VisualStudioVersion = 17.7.34221.43
MinimumVisualStudioVersion = 10.0.40219.1
Project("{FAE04EC0-301F-11D3-BF4B-00C04F79EFBC}") = "RN", "RegrasNegocio\RN.csproj", "{D5D4A9E0-FE57-4A29-9D8A-7A9E0FB45091}"
EndProject
Project("{FAE04EC0-301F-11D3-BF4B-00C04F79EFBC}") = "ObjetosNegocio", "ObjetosNegocio\ObjetosNegocio.csproj", "{B7BB8433-9E1D-4D4D-A80C-33CDB98FF6A4}"
EndProject
Project("{FAE04EC0-301F-11D3-BF4B-00C04F79EFBC}") = "Dados", "Dados\Dados.csproj", "{E4B7E7B2-1DD8-4C44-83BB-8FE3EF461AE9}"
EndProject
Project("{FAE04EC0-301F-11D3-BF4B-00C04F79EFBC}") = "Excecoes", "Excecoes\Excecoes.csproj", "{525D7948-56E7-40EC-A0D1-D0FF852559B4}"
EndProject
Project("{FAE04EC0-301F-11D3-BF4B-00C04F79EFBC}") = "Programa", "Programa\Programa.csproj", "{1FE65A20-84D4-40EB-9342-47F0B17BEDD1}"
EndProject
Global
	GlobalSection(SolutionConfigurationPlatforms) = preSolution
		Debug|Any CPU = Debug|Any CPU
		Release|Any CPU = Release|Any CPU
	EndGlobalSection
	GlobalSection(ProjectConfigurationPlatforms) = postSolution
		{D5D4A9E0-FE57-4A29-9D8A-7A9E0FB45091}.Debug|Any CPU.ActiveCfg = Debug|Any CPU
		{D5D4A9E0-FE57-4A29-9D8A-7A9E0FB45091}.Debug|Any CPU.Build.0 = Debug|Any CPU
		{D5D4A9E0-FE57-4A29-9D8A-7A9E0FB45091}.Release|Any CPU.ActiveCfg = Release|Any CPU
		{D5D4A9E0-FE57-4A29-9D8A-7A9E0FB45091}.Release|Any CPU.Build.0 = Release|Any CPU
		{B7BB8433-9E1D-4D4D-A80C-33CDB98FF6A4}.Debug|Any CPU.ActiveCfg = Debug|Any CPU
		{B7BB8433-9E1D-4D4D-A80C-33CDB98FF6A4}.Debug|Any CPU.Build.0 = Debug|Any CPU
		{B7BB8433-9E1D-4D4D-A80C-33CDB98FF6A4}.Release|Any CPU.ActiveCfg = Release|Any CPU
		{B7BB8433-9E1D-4D4D-A80C-33CDB98FF6A4}.Release|Any CPU.Build.0 = Release|Any CPU
		{E4B7E7B2-1DD8-4C44-83BB-8FE3EF461AE9}.Debug|Any CPU.ActiveCfg = Debug|Any CPU
		{E4B7E7B2-1DD8-4C44-83BB-8FE3EF461AE9}.Debug|Any CPU.Build.0 = Debug|Any CPU
		{E4B7E7B2-1DD8-4C44-83BB-8FE3EF461AE9}.Release|Any CPU.ActiveCfg = Release|Any CPU
		{E4B7E7B2-1DD8-4C44-83BB-8FE3EF461AE9}.Release|Any CPU.Build.0 = Release|Any CPU
		{525D7948-56E7-40EC-A0D1-D0FF852559B4}.Debug|Any CPU.ActiveCfg = Debug|Any CPU
		{525D7948-56E7-40EC-A0D1-D0FF852559B4}.Debug|Any CPU.Build.0 = Debug|Any CPU
		{525D7948-56E7-40EC-A0D1-D0FF852559B4}.Release|Any CPU.ActiveCfg = Release|Any CPU
		{525D7948-56E7-40EC-A0D1-D0FF852559B4}.Release|Any CPU.Build.0 = Release|Any CPU
		{1FE65A20-84D4-40EB-9342-47F0B17BEDD1}.Debug|Any CPU.ActiveCfg = Debug|Any CPU
		{1FE65A20-84D4-40EB-9342-47F0B17BEDD1}.Debug|Any CPU.Build.0 = Debug|Any CPU
		{1FE65A20-84D4-40EB-9342-47F0B17BEDD1}.Release|Any CPU.ActiveCfg = Release|Any CPU
		{1FE65A20-84D4-40EB-9342-47F0B17BEDD1}.Release|Any CPU.Build.0 = Release|Any CPU
	EndGlobalSection
	GlobalSection(SolutionProperties) = preSolution
		HideSolutionNode = FALSE
	EndGlobalSection
	GlobalSection(ExtensibilityGlobals) = postSolution
		SolutionGuid = {17223150-C794-4276-8863-D203446DFDC4}
	EndGlobalSection
EndGlobal
